github.com/LeakIX/hugo-leakix-dark v0.0.0-20251006200901-aa7d7fde22e1 h1:Nrea12/xVkPlD/PAALyfgPuORacS8yCLD2poqUs2aWA=
github.com/LeakIX/hugo-leakix-dark v0.0.0-20251006200901-aa7d7fde22e1/go.mod h1:4H8/4xhI4l82De72fFBI6efog6PaLhtfzwIlpmO2cyg=
github.com/LeakIX/hugo-leakix-dark v0.0.0-20251006204043-8dc209a90c0e h1:4wFunNtt4VCfH6czxIpcm/XlwvqUYTRnSMP0W17JXmM=
github.com/LeakIX/hugo-leakix-dark v0.0.0-20251006204043-8dc209a90c0e/go.mod h1:4H8/4xhI4l82De72fFBI6efog6PaLhtfzwIlpmO2cyg=
github.com/LeakIX/hugo-leakix-dark v0.0.0-20251006205816-5eb82044a59b h1:Y/gWR6ozA2z/LnHtM8sujeeQ5VSd/Jsb1AwW+hXVLGg=
github.com/LeakIX/hugo-leakix-dark v0.0.0-20251006205816-5eb82044a59b/go.mod h1:4H8/4xhI4l82De72fFBI6efog6PaLhtfzwIlpmO2cyg=
